
Microsoft Visual Studio Solution File, Format Version 12.00
# Visual Studio Version 16
VisualStudioVersion = 16.0.30523.141
MinimumVisualStudioVersion = 10.0.40219.1
Project("{9A19103F-16F7-4668-BE54-9A1E7A4F7556}") = "SearchCore", "SearchCore\SearchCore.csproj", "{784EC75C-BC55-4AFB-9485-8C8E59B0C2EC}"
EndProject
Global
	GlobalSection(SolutionConfigurationPlatforms) = preSolution
		Debug|Any CPU = Debug|Any CPU
		Release|Any CPU = Release|Any CPU
	EndGlobalSection
	GlobalSection(ProjectConfigurationPlatforms) = postSolution
		{784EC75C-BC55-4AFB-9485-8C8E59B0C2EC}.Debug|Any CPU.ActiveCfg = Debug|Any CPU
		{784EC75C-BC55-4AFB-9485-8C8E59B0C2EC}.Debug|Any CPU.Build.0 = Debug|Any CPU
		{784EC75C-BC55-4AFB-9485-8C8E59B0C2EC}.Release|Any CPU.ActiveCfg = Release|Any CPU
		{784EC75C-BC55-4AFB-9485-8C8E59B0C2EC}.Release|Any CPU.Build.0 = Release|Any CPU
	EndGlobalSection
	GlobalSection(SolutionProperties) = preSolution
		HideSolutionNode = FALSE
	EndGlobalSection
	GlobalSection(ExtensibilityGlobals) = postSolution
		SolutionGuid = {38B8C346-32D3-44D5-9E94-EE7C6B23536A}
	EndGlobalSection
EndGlobal
